// !$*UTF8*$!
{
	archiveVersion = 1;
	classes = {
	};
	objectVersion = 56;
	objects = {

/* Begin PBXBuildFile section */
		837BBE732992A19E00EDF881 /* TabBarController.swift in Sources */ = {isa = PBXBuildFile; fileRef = 837BBE722992A19E00EDF881 /* TabBarController.swift */; };
		837BBE782992B43E00EDF881 /* CategoryHomeController.swift in Sources */ = {isa = PBXBuildFile; fileRef = 837BBE772992B43E00EDF881 /* CategoryHomeController.swift */; };
		838747E0298E264800A6757F /* AppDelegate.swift in Sources */ = {isa = PBXBuildFile; fileRef = 838747DF298E264800A6757F /* AppDelegate.swift */; };
		838747E2298E264800A6757F /* SceneDelegate.swift in Sources */ = {isa = PBXBuildFile; fileRef = 838747E1298E264800A6757F /* SceneDelegate.swift */; };
		838747E4298E264800A6757F /* HomeViewController.swift in Sources */ = {isa = PBXBuildFile; fileRef = 838747E3298E264800A6757F /* HomeViewController.swift */; };
		838747E9298E264B00A6757F /* Assets.xcassets in Resources */ = {isa = PBXBuildFile; fileRef = 838747E8298E264B00A6757F /* Assets.xcassets */; };
		838747F5298E2B3500A6757F /* DatabaseService.swift in Sources */ = {isa = PBXBuildFile; fileRef = 838747F4298E2B3500A6757F /* DatabaseService.swift */; };
		838B7DF729977CBB00A0BC26 /* NotificationService.swift in Sources */ = {isa = PBXBuildFile; fileRef = 838B7DF629977CBB00A0BC26 /* NotificationService.swift */; };
		838B7DFA29977E3000A0BC26 /* DatabaseTypes.swift in Sources */ = {isa = PBXBuildFile; fileRef = 838B7DF929977E3000A0BC26 /* DatabaseTypes.swift */; };
		838B7DFC299783B000A0BC26 /* LoggerService.swift in Sources */ = {isa = PBXBuildFile; fileRef = 838B7DFB299783B000A0BC26 /* LoggerService.swift */; };
		838B7DFE2997841300A0BC26 /* LoggerTypes.swift in Sources */ = {isa = PBXBuildFile; fileRef = 838B7DFD2997841300A0BC26 /* LoggerTypes.swift */; };
/* End PBXBuildFile section */

/* Begin PBXFileReference section */
		837BBE722992A19E00EDF881 /* TabBarController.swift */ = {isa = PBXFileReference; lastKnownFileType = sourcecode.swift; path = TabBarController.swift; sourceTree = "<group>"; };
		837BBE772992B43E00EDF881 /* CategoryHomeController.swift */ = {isa = PBXFileReference; lastKnownFileType = sourcecode.swift; path = CategoryHomeController.swift; sourceTree = "<group>"; };
		838747DC298E264800A6757F /* BudgetTracker.app */ = {isa = PBXFileReference; explicitFileType = wrapper.application; includeInIndex = 0; path = BudgetTracker.app; sourceTree = BUILT_PRODUCTS_DIR; };
		838747DF298E264800A6757F /* AppDelegate.swift */ = {isa = PBXFileReference; lastKnownFileType = sourcecode.swift; path = AppDelegate.swift; sourceTree = "<group>"; };
		838747E1298E264800A6757F /* SceneDelegate.swift */ = {isa = PBXFileReference; lastKnownFileType = sourcecode.swift; path = SceneDelegate.swift; sourceTree = "<group>"; };
		838747E3298E264800A6757F /* HomeViewController.swift */ = {isa = PBXFileReference; lastKnownFileType = sourcecode.swift; path = HomeViewController.swift; sourceTree = "<group>"; };
		838747E8298E264B00A6757F /* Assets.xcassets */ = {isa = PBXFileReference; lastKnownFileType = folder.assetcatalog; path = Assets.xcassets; sourceTree = "<group>"; };
		838747ED298E264B00A6757F /* Info.plist */ = {isa = PBXFileReference; lastKnownFileType = text.plist.xml; path = Info.plist; sourceTree = "<group>"; };
		838747F4298E2B3500A6757F /* DatabaseService.swift */ = {isa = PBXFileReference; lastKnownFileType = sourcecode.swift; path = DatabaseService.swift; sourceTree = "<group>"; };
		838B7DF629977CBB00A0BC26 /* NotificationService.swift */ = {isa = PBXFileReference; lastKnownFileType = sourcecode.swift; path = NotificationService.swift; sourceTree = "<group>"; };
		838B7DF929977E3000A0BC26 /* DatabaseTypes.swift */ = {isa = PBXFileReference; lastKnownFileType = sourcecode.swift; path = DatabaseTypes.swift; sourceTree = "<group>"; };
		838B7DFB299783B000A0BC26 /* LoggerService.swift */ = {isa = PBXFileReference; lastKnownFileType = sourcecode.swift; path = LoggerService.swift; sourceTree = "<group>"; };
		838B7DFD2997841300A0BC26 /* LoggerTypes.swift */ = {isa = PBXFileReference; lastKnownFileType = sourcecode.swift; path = LoggerTypes.swift; sourceTree = "<group>"; };
/* End PBXFileReference section */

/* Begin PBXFrameworksBuildPhase section */
		838747D9298E264700A6757F /* Frameworks */ = {
			isa = PBXFrameworksBuildPhase;
			buildActionMask = 2147483647;
			files = (
			);
			runOnlyForDeploymentPostprocessing = 0;
		};
/* End PBXFrameworksBuildPhase section */

/* Begin PBXGroup section */
		837BBE742992A29300EDF881 /* TabBarController */ = {
			isa = PBXGroup;
			children = (
				837BBE762992A5D000EDF881 /* Category */,
				837BBE752992A5BA00EDF881 /* Home */,
				837BBE722992A19E00EDF881 /* TabBarController.swift */,
			);
			path = TabBarController;
			sourceTree = "<group>";
		};
		837BBE752992A5BA00EDF881 /* Home */ = {
			isa = PBXGroup;
			children = (
				838747E3298E264800A6757F /* HomeViewController.swift */,
			);
			path = Home;
			sourceTree = "<group>";
		};
		837BBE762992A5D000EDF881 /* Category */ = {
			isa = PBXGroup;
			children = (
				837BBE772992B43E00EDF881 /* CategoryHomeController.swift */,
			);
			path = Category;
			sourceTree = "<group>";
		};
		838747D3298E264700A6757F = {
			isa = PBXGroup;
			children = (
				838747DE298E264800A6757F /* BudgetTracker */,
				838747DD298E264800A6757F /* Products */,
			);
			sourceTree = "<group>";
		};
		838747DD298E264800A6757F /* Products */ = {
			isa = PBXGroup;
			children = (
				838747DC298E264800A6757F /* BudgetTracker.app */,
			);
			name = Products;
			sourceTree = "<group>";
		};
		838747DE298E264800A6757F /* BudgetTracker */ = {
			isa = PBXGroup;
			children = (
				838B7DF829977DF600A0BC26 /* StructTypes */,
				837BBE742992A29300EDF881 /* TabBarController */,
				838747F3298E2A3C00A6757F /* Services */,
				838747DF298E264800A6757F /* AppDelegate.swift */,
				838747E1298E264800A6757F /* SceneDelegate.swift */,
				838747E8298E264B00A6757F /* Assets.xcassets */,
				838747ED298E264B00A6757F /* Info.plist */,
			);
			path = BudgetTracker;
			sourceTree = "<group>";
		};
		838747F3298E2A3C00A6757F /* Services */ = {
			isa = PBXGroup;
			children = (
				838747F4298E2B3500A6757F /* DatabaseService.swift */,
				838B7DF629977CBB00A0BC26 /* NotificationService.swift */,
				838B7DFB299783B000A0BC26 /* LoggerService.swift */,
			);
			path = Services;
			sourceTree = "<group>";
		};
		838B7DF829977DF600A0BC26 /* StructTypes */ = {
			isa = PBXGroup;
			children = (
				838B7DF929977E3000A0BC26 /* DatabaseTypes.swift */,
				838B7DFD2997841300A0BC26 /* LoggerTypes.swift */,
			);
			path = StructTypes;
			sourceTree = "<group>";
		};
/* End PBXGroup section */

/* Begin PBXNativeTarget section */
		838747DB298E264700A6757F /* BudgetTracker */ = {
			isa = PBXNativeTarget;
			buildConfigurationList = 838747F0298E264B00A6757F /* Build configuration list for PBXNativeTarget "BudgetTracker" */;
			buildPhases = (
				838747D8298E264700A6757F /* Sources */,
				838747D9298E264700A6757F /* Frameworks */,
				838747DA298E264700A6757F /* Resources */,
			);
			buildRules = (
			);
			dependencies = (
			);
			name = BudgetTracker;
			productName = BudgetTracker;
			productReference = 838747DC298E264800A6757F /* BudgetTracker.app */;
			productType = "com.apple.product-type.application";
		};
/* End PBXNativeTarget section */

/* Begin PBXProject section */
		838747D4298E264700A6757F /* Project object */ = {
			isa = PBXProject;
			attributes = {
				BuildIndependentTargetsInParallel = 1;
				LastSwiftUpdateCheck = 1410;
				LastUpgradeCheck = 1410;
				TargetAttributes = {
					838747DB298E264700A6757F = {
						CreatedOnToolsVersion = 14.1;
					};
				};
			};
			buildConfigurationList = 838747D7298E264700A6757F /* Build configuration list for PBXProject "BudgetTracker" */;
			compatibilityVersion = "Xcode 14.0";
			developmentRegion = en;
			hasScannedForEncodings = 0;
			knownRegions = (
				en,
				Base,
			);
			mainGroup = 838747D3298E264700A6757F;
			productRefGroup = 838747DD298E264800A6757F /* Products */;
			projectDirPath = "";
			projectRoot = "";
			targets = (
				838747DB298E264700A6757F /* BudgetTracker */,
			);
		};
/* End PBXProject section */

/* Begin PBXResourcesBuildPhase section */
		838747DA298E264700A6757F /* Resources */ = {
			isa = PBXResourcesBuildPhase;
			buildActionMask = 2147483647;
			files = (
				838747E9298E264B00A6757F /* Assets.xcassets in Resources */,
			);
			runOnlyForDeploymentPostprocessing = 0;
		};
/* End PBXResourcesBuildPhase section */

/* Begin PBXSourcesBuildPhase section */
		838747D8298E264700A6757F /* Sources */ = {
			isa = PBXSourcesBuildPhase;
			buildActionMask = 2147483647;
			files = (
				838B7DFA29977E3000A0BC26 /* DatabaseTypes.swift in Sources */,
				837BBE782992B43E00EDF881 /* CategoryHomeController.swift in Sources */,
				838747E4298E264800A6757F /* HomeViewController.swift in Sources */,
				838B7DF729977CBB00A0BC26 /* NotificationService.swift in Sources */,
				838747E0298E264800A6757F /* AppDelegate.swift in Sources */,
				838B7DFE2997841300A0BC26 /* LoggerTypes.swift in Sources */,
				838B7DFC299783B000A0BC26 /* LoggerService.swift in Sources */,
				838747F5298E2B3500A6757F /* DatabaseService.swift in Sources */,
				837BBE732992A19E00EDF881 /* TabBarController.swift in Sources */,
				838747E2298E264800A6757F /* SceneDelegate.swift in Sources */,
			);
			runOnlyForDeploymentPostprocessing = 0;
		};
/* End PBXSourcesBuildPhase section */

/* Begin XCBuildConfiguration section */
		838747EE298E264B00A6757F /* Debug */ = {
			isa = XCBuildConfiguration;
			buildSettings = {
				ALWAYS_SEARCH_USER_PATHS = NO;
				CLANG_ANALYZER_NONNULL = YES;
				CLANG_ANALYZER_NUMBER_OBJECT_CONVERSION = YES_AGGRESSIVE;
				CLANG_CXX_LANGUAGE_STANDARD = "gnu++20";
				CLANG_ENABLE_MODULES = YES;
				CLANG_ENABLE_OBJC_ARC = YES;
				CLANG_ENABLE_OBJC_WEAK = YES;
				CLANG_WARN_BLOCK_CAPTURE_AUTORELEASING = YES;
				CLANG_WARN_BOOL_CONVERSION = YES;
				CLANG_WARN_COMMA = YES;
				CLANG_WARN_CONSTANT_CONVERSION = YES;
				CLANG_WARN_DEPRECATED_OBJC_IMPLEMENTATIONS = YES;
				CLANG_WARN_DIRECT_OBJC_ISA_USAGE = YES_ERROR;
				CLANG_WARN_DOCUMENTATION_COMMENTS = YES;
				CLANG_WARN_EMPTY_BODY = YES;
				CLANG_WARN_ENUM_CONVERSION = YES;
				CLANG_WARN_INFINITE_RECURSION = YES;
				CLANG_WARN_INT_CONVERSION = YES;
				CLANG_WARN_NON_LITERAL_NULL_CONVERSION = YES;
				CLANG_WARN_OBJC_IMPLICIT_RETAIN_SELF = YES;
				CLANG_WARN_OBJC_LITERAL_CONVERSION = YES;
				CLANG_WARN_OBJC_ROOT_CLASS = YES_ERROR;
				CLANG_WARN_QUOTED_INCLUDE_IN_FRAMEWORK_HEADER = YES;
				CLANG_WARN_RANGE_LOOP_ANALYSIS = YES;
				CLANG_WARN_STRICT_PROTOTYPES = YES;
				CLANG_WARN_SUSPICIOUS_MOVE = YES;
				CLANG_WARN_UNGUARDED_AVAILABILITY = YES_AGGRESSIVE;
				CLANG_WARN_UNREACHABLE_CODE = YES;
				CLANG_WARN__DUPLICATE_METHOD_MATCH = YES;
				COPY_PHASE_STRIP = NO;
				DEBUG_INFORMATION_FORMAT = dwarf;
				ENABLE_STRICT_OBJC_MSGSEND = YES;
				ENABLE_TESTABILITY = YES;
				GCC_C_LANGUAGE_STANDARD = gnu11;
				GCC_DYNAMIC_NO_PIC = NO;
				GCC_NO_COMMON_BLOCKS = YES;
				GCC_OPTIMIZATION_LEVEL = 0;
				GCC_PREPROCESSOR_DEFINITIONS = (
					"DEBUG=1",
					"$(inherited)",
				);
				GCC_WARN_64_TO_32_BIT_CONVERSION = YES;
				GCC_WARN_ABOUT_RETURN_TYPE = YES_ERROR;
				GCC_WARN_UNDECLARED_SELECTOR = YES;
				GCC_WARN_UNINITIALIZED_AUTOS = YES_AGGRESSIVE;
				GCC_WARN_UNUSED_FUNCTION = YES;
				GCC_WARN_UNUSED_VARIABLE = YES;
				IPHONEOS_DEPLOYMENT_TARGET = 16.1;
				MTL_ENABLE_DEBUG_INFO = INCLUDE_SOURCE;
				MTL_FAST_MATH = YES;
				ONLY_ACTIVE_ARCH = YES;
				SDKROOT = iphoneos;
				SWIFT_ACTIVE_COMPILATION_CONDITIONS = DEBUG;
				SWIFT_OPTIMIZATION_LEVEL = "-Onone";
			};
			name = Debug;
		};
		838747EF298E264B00A6757F /* Release */ = {
			isa = XCBuildConfiguration;
			buildSettings = {
				ALWAYS_SEARCH_USER_PATHS = NO;
				CLANG_ANALYZER_NONNULL = YES;
				CLANG_ANALYZER_NUMBER_OBJECT_CONVERSION = YES_AGGRESSIVE;
				CLANG_CXX_LANGUAGE_STANDARD = "gnu++20";
				CLANG_ENABLE_MODULES = YES;
				CLANG_ENABLE_OBJC_ARC = YES;
				CLANG_ENABLE_OBJC_WEAK = YES;
				CLANG_WARN_BLOCK_CAPTURE_AUTORELEASING = YES;
				CLANG_WARN_BOOL_CONVERSION = YES;
				CLANG_WARN_COMMA = YES;
				CLANG_WARN_CONSTANT_CONVERSION = YES;
				CLANG_WARN_DEPRECATED_OBJC_IMPLEMENTATIONS = YES;
				CLANG_WARN_DIRECT_OBJC_ISA_USAGE = YES_ERROR;
				CLANG_WARN_DOCUMENTATION_COMMENTS = YES;
				CLANG_WARN_EMPTY_BODY = YES;
				CLANG_WARN_ENUM_CONVERSION = YES;
				CLANG_WARN_INFINITE_RECURSION = YES;
				CLANG_WARN_INT_CONVERSION = YES;
				CLANG_WARN_NON_LITERAL_NULL_CONVERSION = YES;
				CLANG_WARN_OBJC_IMPLICIT_RETAIN_SELF = YES;
				CLANG_WARN_OBJC_LITERAL_CONVERSION = YES;
				CLANG_WARN_OBJC_ROOT_CLASS = YES_ERROR;
				CLANG_WARN_QUOTED_INCLUDE_IN_FRAMEWORK_HEADER = YES;
				CLANG_WARN_RANGE_LOOP_ANALYSIS = YES;
				CLANG_WARN_STRICT_PROTOTYPES = YES;
				CLANG_WARN_SUSPICIOUS_MOVE = YES;
				CLANG_WARN_UNGUARDED_AVAILABILITY = YES_AGGRESSIVE;
				CLANG_WARN_UNREACHABLE_CODE = YES;
				CLANG_WARN__DUPLICATE_METHOD_MATCH = YES;
				COPY_PHASE_STRIP = NO;
				DEBUG_INFORMATION_FORMAT = "dwarf-with-dsym";
				ENABLE_NS_ASSERTIONS = NO;
				ENABLE_STRICT_OBJC_MSGSEND = YES;
				GCC_C_LANGUAGE_STANDARD = gnu11;
				GCC_NO_COMMON_BLOCKS = YES;
				GCC_WARN_64_TO_32_BIT_CONVERSION = YES;
				GCC_WARN_ABOUT_RETURN_TYPE = YES_ERROR;
				GCC_WARN_UNDECLARED_SELECTOR = YES;
				GCC_WARN_UNINITIALIZED_AUTOS = YES_AGGRESSIVE;
				GCC_WARN_UNUSED_FUNCTION = YES;
				GCC_WARN_UNUSED_VARIABLE = YES;
				IPHONEOS_DEPLOYMENT_TARGET = 16.1;
				MTL_ENABLE_DEBUG_INFO = NO;
				MTL_FAST_MATH = YES;
				SDKROOT = iphoneos;
				SWIFT_COMPILATION_MODE = wholemodule;
				SWIFT_OPTIMIZATION_LEVEL = "-O";
				VALIDATE_PRODUCT = YES;
			};
			name = Release;
		};
		838747F1298E264B00A6757F /* Debug */ = {
			isa = XCBuildConfiguration;
			buildSettings = {
				ASSETCATALOG_COMPILER_APPICON_NAME = AppIcon;
				ASSETCATALOG_COMPILER_GLOBAL_ACCENT_COLOR_NAME = AccentColor;
				CODE_SIGN_STYLE = Automatic;
				CURRENT_PROJECT_VERSION = 1;
				DEVELOPMENT_TEAM = 9LF7PAL88C;
				GENERATE_INFOPLIST_FILE = YES;
				INFOPLIST_FILE = BudgetTracker/Info.plist;
				INFOPLIST_KEY_CFBundleDisplayName = "Budget tracker";
				INFOPLIST_KEY_LSApplicationCategoryType = "public.app-category.finance";
				INFOPLIST_KEY_UIApplicationSupportsIndirectInputEvents = YES;
				INFOPLIST_KEY_UILaunchStoryboardName = LaunchScreen;
				INFOPLIST_KEY_UIStatusBarStyle = "";
				INFOPLIST_KEY_UISupportedInterfaceOrientations = UIInterfaceOrientationPortrait;
				INFOPLIST_KEY_UISupportedInterfaceOrientations_iPad = "UIInterfaceOrientationLandscapeLeft UIInterfaceOrientationLandscapeRight UIInterfaceOrientationPortrait UIInterfaceOrientationPortraitUpsideDown";
				LD_RUNPATH_SEARCH_PATHS = (
					"$(inherited)",
					"@executable_path/Frameworks",
				);
				MARKETING_VERSION = 1.0;
				PRODUCT_BUNDLE_IDENTIFIER = com.abhiram.BudgetTracker;
				PRODUCT_NAME = "$(TARGET_NAME)";
				SUPPORTED_PLATFORMS = "iphoneos iphonesimulator";
				SUPPORTS_MACCATALYST = NO;
				SUPPORTS_MAC_DESIGNED_FOR_IPHONE_IPAD = NO;
				SWIFT_EMIT_LOC_STRINGS = YES;
				SWIFT_VERSION = 5.0;
				TARGETED_DEVICE_FAMILY = 1;
			};
			name = Debug;
		};
		838747F2298E264B00A6757F /* Release */ = {
			isa = XCBuildConfiguration;
			buildSettings = {
				ASSETCATALOG_COMPILER_APPICON_NAME = AppIcon;
				ASSETCATALOG_COMPILER_GLOBAL_ACCENT_COLOR_NAME = AccentColor;
				CODE_SIGN_STYLE = Automatic;
				CURRENT_PROJECT_VERSION = 1;
				DEVELOPMENT_TEAM = 9LF7PAL88C;
				GENERATE_INFOPLIST_FILE = YES;
				INFOPLIST_FILE = BudgetTracker/Info.plist;
				INFOPLIST_KEY_CFBundleDisplayName = "Budget tracker";
				INFOPLIST_KEY_LSApplicationCategoryType = "public.app-category.finance";
				INFOPLIST_KEY_UIApplicationSupportsIndirectInputEvents = YES;
				INFOPLIST_KEY_UILaunchStoryboardName = LaunchScreen;
				INFOPLIST_KEY_UIStatusBarStyle = "";
				INFOPLIST_KEY_UISupportedInterfaceOrientations = UIInterfaceOrientationPortrait;
				INFOPLIST_KEY_UISupportedInterfaceOrientations_iPad = "UIInterfaceOrientationLandscapeLeft UIInterfaceOrientationLandscapeRight UIInterfaceOrientationPortrait UIInterfaceOrientationPortraitUpsideDown";
				LD_RUNPATH_SEARCH_PATHS = (
					"$(inherited)",
					"@executable_path/Frameworks",
				);
				MARKETING_VERSION = 1.0;
				PRODUCT_BUNDLE_IDENTIFIER = com.abhiram.BudgetTracker;
				PRODUCT_NAME = "$(TARGET_NAME)";
				SUPPORTED_PLATFORMS = "iphoneos iphonesimulator";
				SUPPORTS_MACCATALYST = NO;
				SUPPORTS_MAC_DESIGNED_FOR_IPHONE_IPAD = NO;
				SWIFT_EMIT_LOC_STRINGS = YES;
				SWIFT_VERSION = 5.0;
				TARGETED_DEVICE_FAMILY = 1;
			};
			name = Release;
		};
/* End XCBuildConfiguration section */

/* Begin XCConfigurationList section */
		838747D7298E264700A6757F /* Build configuration list for PBXProject "BudgetTracker" */ = {
			isa = XCConfigurationList;
			buildConfigurations = (
				838747EE298E264B00A6757F /* Debug */,
				838747EF298E264B00A6757F /* Release */,
			);
			defaultConfigurationIsVisible = 0;
			defaultConfigurationName = Release;
		};
		838747F0298E264B00A6757F /* Build configuration list for PBXNativeTarget "BudgetTracker" */ = {
			isa = XCConfigurationList;
			buildConfigurations = (
				838747F1298E264B00A6757F /* Debug */,
				838747F2298E264B00A6757F /* Release */,
			);
			defaultConfigurationIsVisible = 0;
			defaultConfigurationName = Release;
		};
/* End XCConfigurationList section */
	};
	rootObject = 838747D4298E264700A6757F /* Project object */;
}
